<?xml version="1.0" encoding="utf-8"?>
<Project ToolsVersion="4.0" xmlns="http://schemas.microsoft.com/developer/msbuild/2003">
  <ItemGroup>
    <Filter Include="소스 파일">
      <UniqueIdentifier>{4FC737F1-C7A5-4376-A066-2A32D752A2FF}</UniqueIdentifier>
      <Extensions>cpp;c;cc;cxx;c++;cppm;ixx;def;odl;idl;hpj;bat;asm;asmx</Extensions>
    </Filter>
    <Filter Include="헤더 파일">
      <UniqueIdentifier>{93995380-89BD-4b04-88EB-625FBE52EBFB}</UniqueIdentifier>
      <Extensions>h;hh;hpp;hxx;h++;hm;inl;inc;ipp;xsd</Extensions>
    </Filter>
    <Filter Include="리소스 파일">
      <UniqueIdentifier>{67DA6AB6-F800-4c08-8B7A-83BB121AAD01}</UniqueIdentifier>
      <Extensions>rc;ico;cur;bmp;dlg;rc2;rct;bin;rgs;gif;jpg;jpeg;jpe;resx;tiff;tif;png;wav;mfcribbon-ms</Extensions>
    </Filter>
  </ItemGroup>
  <ItemGroup>
    <ClCompile Include="Lifeboat.cpp">
      <Filter>소스 파일</Filter>
    </ClCompile>
    <ClCompile Include="Connecting_Island.cpp">
      <Filter>소스 파일</Filter>
    </ClCompile>
    <ClCompile Include="Buy_Ramen.cpp">
      <Filter>소스 파일</Filter>
    </ClCompile>
    <ClCompile Include="B1043.cpp">
      <Filter>소스 파일</Filter>
    </ClCompile>
    <ClCompile Include="B1167.cpp">
      <Filter>소스 파일</Filter>
    </ClCompile>
    <ClCompile Include="B1049.cpp">
      <Filter>소스 파일</Filter>
    </ClCompile>
    <ClCompile Include="B1052.cpp">
      <Filter>소스 파일</Filter>
    </ClCompile>
    <ClCompile Include="B1105.cpp">
      <Filter>소스 파일</Filter>
    </ClCompile>
    <ClCompile Include="B1263.cpp">
      <Filter>소스 파일</Filter>
    </ClCompile>
    <ClCompile Include="B1946.cpp">
      <Filter>소스 파일</Filter>
    </ClCompile>
    <ClCompile Include="B2138.cpp">
      <Filter>소스 파일</Filter>
    </ClCompile>
    <ClCompile Include="B1003.cpp">
      <Filter>소스 파일</Filter>
    </ClCompile>
    <ClCompile Include="B1074.cpp">
      <Filter>소스 파일</Filter>
    </ClCompile>
    <ClCompile Include="B1107.cpp">
      <Filter>소스 파일</Filter>
    </ClCompile>
    <ClCompile Include="B1389.cpp">
      <Filter>소스 파일</Filter>
    </ClCompile>
    <ClCompile Include="B1541.cpp">
      <Filter>소스 파일</Filter>
    </ClCompile>
    <ClCompile Include="B1697.cpp">
      <Filter>소스 파일</Filter>
    </ClCompile>
    <ClCompile Include="B1780.cpp">
      <Filter>소스 파일</Filter>
    </ClCompile>
    <ClCompile Include="B1927.cpp">
      <Filter>소스 파일</Filter>
    </ClCompile>
    <ClCompile Include="B1992.cpp">
      <Filter>소스 파일</Filter>
    </ClCompile>
    <ClCompile Include="B2178.cpp">
      <Filter>소스 파일</Filter>
    </ClCompile>
    <ClCompile Include="B2579.cpp">
      <Filter>소스 파일</Filter>
    </ClCompile>
    <ClCompile Include="B2630.cpp">
      <Filter>소스 파일</Filter>
    </ClCompile>
    <ClCompile Include="B2667.cpp">
      <Filter>소스 파일</Filter>
    </ClCompile>
    <ClCompile Include="B5430.cpp">
      <Filter>소스 파일</Filter>
    </ClCompile>
    <ClCompile Include="B5525.cpp">
      <Filter>소스 파일</Filter>
    </ClCompile>
    <ClCompile Include="B6064.cpp">
      <Filter>소스 파일</Filter>
    </ClCompile>
    <ClCompile Include="B7569.cpp">
      <Filter>소스 파일</Filter>
    </ClCompile>
    <ClCompile Include="B7662.cpp">
      <Filter>소스 파일</Filter>
    </ClCompile>
    <ClCompile Include="B7576.cpp">
      <Filter>소스 파일</Filter>
    </ClCompile>
    <ClCompile Include="B9019.cpp">
      <Filter>소스 파일</Filter>
    </ClCompile>
    <ClCompile Include="B10026.cpp">
      <Filter>소스 파일</Filter>
    </ClCompile>
    <ClCompile Include="B14500.cpp">
      <Filter>소스 파일</Filter>
    </ClCompile>
    <ClCompile Include="B1149.cpp">
      <Filter>소스 파일</Filter>
    </ClCompile>
    <ClCompile Include="B11286.cpp">
      <Filter>소스 파일</Filter>
    </ClCompile>
    <ClCompile Include="B1238.cpp">
      <Filter>소스 파일</Filter>
    </ClCompile>
    <ClCompile Include="B1504.cpp">
      <Filter>소스 파일</Filter>
    </ClCompile>
    <ClCompile Include="B1629.cpp">
      <Filter>소스 파일</Filter>
    </ClCompile>
    <ClCompile Include="B12865.cpp">
      <Filter>소스 파일</Filter>
    </ClCompile>
    <ClCompile Include="B1753.cpp">
      <Filter>소스 파일</Filter>
    </ClCompile>
    <ClCompile Include="B1865.cpp">
      <Filter>소스 파일</Filter>
    </ClCompile>
    <ClCompile Include="B1916.cpp">
      <Filter>소스 파일</Filter>
    </ClCompile>
    <ClCompile Include="B1932.cpp">
      <Filter>소스 파일</Filter>
    </ClCompile>
    <ClCompile Include="B1967.cpp">
      <Filter>소스 파일</Filter>
    </ClCompile>
    <ClCompile Include="B2096.cpp">
      <Filter>소스 파일</Filter>
    </ClCompile>
    <ClCompile Include="B2206.cpp">
      <Filter>소스 파일</Filter>
    </ClCompile>
    <ClCompile Include="B2407.cpp">
      <Filter>소스 파일</Filter>
    </ClCompile>
    <ClCompile Include="B1991.cpp">
      <Filter>소스 파일</Filter>
    </ClCompile>
    <ClCompile Include="B12851.cpp">
      <Filter>소스 파일</Filter>
    </ClCompile>
    <ClCompile Include="B5639.cpp">
      <Filter>소스 파일</Filter>
    </ClCompile>
    <ClCompile Include="B2638.cpp">
      <Filter>소스 파일</Filter>
    </ClCompile>
    <ClCompile Include="B9251.cpp">
      <Filter>소스 파일</Filter>
    </ClCompile>
    <ClCompile Include="B2263.cpp">
      <Filter>소스 파일</Filter>
    </ClCompile>
    <ClCompile Include="B9935.cpp">
      <Filter>소스 파일</Filter>
    </ClCompile>
    <ClCompile Include="B11779.cpp">
      <Filter>소스 파일</Filter>
    </ClCompile>
  </ItemGroup>
  <ItemGroup>
    <ClInclude Include="stds.h">
      <Filter>헤더 파일</Filter>
    </ClInclude>
  </ItemGroup>
</Project>